
Microsoft Visual Studio Solution File, Format Version 12.00
# Visual Studio Version 16
VisualStudioVersion = 16.0.31624.102
MinimumVisualStudioVersion = 10.0.40219.1
Project("{9A19103F-16F7-4668-BE54-9A1E7A4F7556}") = "WinFormSQL", "WinFormSQL.csproj", "{A489D908-4952-4A82-B0B8-07C165DA6EAC}"
EndProject
Project("{FAE04EC0-301F-11D3-BF4B-00C04F79EFBC}") = "WebSqlTest", "..\WebSqlTest\WebSqlTest.csproj", "{4652F251-8B5D-443B-A227-D21F8877E318}"
EndProject
Global
	GlobalSection(SolutionConfigurationPlatforms) = preSolution
		Debug|Any CPU = Debug|Any CPU
		Release|Any CPU = Release|Any CPU
	EndGlobalSection
	GlobalSection(ProjectConfigurationPlatforms) = postSolution
		{A489D908-4952-4A82-B0B8-07C165DA6EAC}.Debug|Any CPU.ActiveCfg = Debug|Any CPU
		{A489D908-4952-4A82-B0B8-07C165DA6EAC}.Debug|Any CPU.Build.0 = Debug|Any CPU
		{A489D908-4952-4A82-B0B8-07C165DA6EAC}.Release|Any CPU.ActiveCfg = Release|Any CPU
		{A489D908-4952-4A82-B0B8-07C165DA6EAC}.Release|Any CPU.Build.0 = Release|Any CPU
		{4652F251-8B5D-443B-A227-D21F8877E318}.Debug|Any CPU.ActiveCfg = Debug|Any CPU
		{4652F251-8B5D-443B-A227-D21F8877E318}.Debug|Any CPU.Build.0 = Debug|Any CPU
		{4652F251-8B5D-443B-A227-D21F8877E318}.Release|Any CPU.ActiveCfg = Release|Any CPU
		{4652F251-8B5D-443B-A227-D21F8877E318}.Release|Any CPU.Build.0 = Release|Any CPU
	EndGlobalSection
	GlobalSection(SolutionProperties) = preSolution
		HideSolutionNode = FALSE
	EndGlobalSection
	GlobalSection(ExtensibilityGlobals) = postSolution
		SolutionGuid = {2ECA9874-12D5-40AA-A446-3D8AF3875D26}
	EndGlobalSection
EndGlobal
